
Microsoft Visual Studio Solution File, Format Version 12.00
# Visual Studio Version 16
VisualStudioVersion = 16.0.29424.173
MinimumVisualStudioVersion = 10.0.40219.1
Project("{FAE04EC0-301F-11D3-BF4B-00C04F79EFBC}") = "ApiEndPoint", "ApiEndPoint\ApiEndPoint.csproj", "{BDC50652-C0D4-4706-BCAE-FBEC93F887A5}"
EndProject
Global
	GlobalSection(SolutionConfigurationPlatforms) = preSolution
		Debug|Any CPU = Debug|Any CPU
		Release|Any CPU = Release|Any CPU
	EndGlobalSection
	GlobalSection(ProjectConfigurationPlatforms) = postSolution
		{BDC50652-C0D4-4706-BCAE-FBEC93F887A5}.Debug|Any CPU.ActiveCfg = Debug|Any CPU
		{BDC50652-C0D4-4706-BCAE-FBEC93F887A5}.Debug|Any CPU.Build.0 = Debug|Any CPU
		{BDC50652-C0D4-4706-BCAE-FBEC93F887A5}.Release|Any CPU.ActiveCfg = Release|Any CPU
		{BDC50652-C0D4-4706-BCAE-FBEC93F887A5}.Release|Any CPU.Build.0 = Release|Any CPU
	EndGlobalSection
	GlobalSection(SolutionProperties) = preSolution
		HideSolutionNode = FALSE
	EndGlobalSection
	GlobalSection(ExtensibilityGlobals) = postSolution
		SolutionGuid = {EB057BE3-B151-4A70-9F93-82CC760756DE}
	EndGlobalSection
EndGlobal
